
Microsoft Visual Studio Solution File, Format Version 12.00
# Visual Studio Version 17
VisualStudioVersion = 17.4.33205.214
MinimumVisualStudioVersion = 10.0.40219.1
Project("{FAE04EC0-301F-11D3-BF4B-00C04F79EFBC}") = "SequenciaFibonacci", "SequenciaFibonacci.csproj", "{C4FA3008-0004-49AE-8B05-AE7A3198A0A6}"
EndProject
Global
	GlobalSection(SolutionConfigurationPlatforms) = preSolution
		Debug|Any CPU = Debug|Any CPU
		Release|Any CPU = Release|Any CPU
	EndGlobalSection
	GlobalSection(ProjectConfigurationPlatforms) = postSolution
		{C4FA3008-0004-49AE-8B05-AE7A3198A0A6}.Debug|Any CPU.ActiveCfg = Debug|Any CPU
		{C4FA3008-0004-49AE-8B05-AE7A3198A0A6}.Debug|Any CPU.Build.0 = Debug|Any CPU
		{C4FA3008-0004-49AE-8B05-AE7A3198A0A6}.Release|Any CPU.ActiveCfg = Release|Any CPU
		{C4FA3008-0004-49AE-8B05-AE7A3198A0A6}.Release|Any CPU.Build.0 = Release|Any CPU
	EndGlobalSection
	GlobalSection(SolutionProperties) = preSolution
		HideSolutionNode = FALSE
	EndGlobalSection
	GlobalSection(ExtensibilityGlobals) = postSolution
		SolutionGuid = {0F093A46-0AF9-4FF5-BCD8-D3448CEAF86B}
	EndGlobalSection
EndGlobal
